
Microsoft Visual Studio Solution File, Format Version 12.00
# Visual Studio Version 16
VisualStudioVersion = 16.0.30011.22
MinimumVisualStudioVersion = 10.0.40219.1
Project("{9A19103F-16F7-4668-BE54-9A1E7A4F7556}") = "Application.Views", "Application.Views\Application.Views.csproj", "{5CCAF2E3-645B-4FCC-AC34-77407AF8AEB4}"
EndProject
Project("{9A19103F-16F7-4668-BE54-9A1E7A4F7556}") = "Application.ViewModels", "Application.ViewModels\Application.ViewModels.csproj", "{735364D3-D5E7-4AE9-86CE-2ABCA77996DA}"
EndProject
Project("{9A19103F-16F7-4668-BE54-9A1E7A4F7556}") = "Application.Models", "Application.Models\Application.Models.csproj", "{5062CE0E-59A4-4A3F-9620-962ADD43046D}"
EndProject
Global
	GlobalSection(SolutionConfigurationPlatforms) = preSolution
		Debug|Any CPU = Debug|Any CPU
		NuGet|Any CPU = NuGet|Any CPU
		Release|Any CPU = Release|Any CPU
	EndGlobalSection
	GlobalSection(ProjectConfigurationPlatforms) = postSolution
		{5CCAF2E3-645B-4FCC-AC34-77407AF8AEB4}.Debug|Any CPU.ActiveCfg = Debug|Any CPU
		{5CCAF2E3-645B-4FCC-AC34-77407AF8AEB4}.Debug|Any CPU.Build.0 = Debug|Any CPU
		{5CCAF2E3-645B-4FCC-AC34-77407AF8AEB4}.NuGet|Any CPU.ActiveCfg = NuGet|Any CPU
		{5CCAF2E3-645B-4FCC-AC34-77407AF8AEB4}.NuGet|Any CPU.Build.0 = NuGet|Any CPU
		{5CCAF2E3-645B-4FCC-AC34-77407AF8AEB4}.Release|Any CPU.ActiveCfg = Release|Any CPU
		{5CCAF2E3-645B-4FCC-AC34-77407AF8AEB4}.Release|Any CPU.Build.0 = Release|Any CPU
		{735364D3-D5E7-4AE9-86CE-2ABCA77996DA}.Debug|Any CPU.ActiveCfg = Debug|Any CPU
		{735364D3-D5E7-4AE9-86CE-2ABCA77996DA}.Debug|Any CPU.Build.0 = Debug|Any CPU
		{735364D3-D5E7-4AE9-86CE-2ABCA77996DA}.NuGet|Any CPU.ActiveCfg = NuGet|Any CPU
		{735364D3-D5E7-4AE9-86CE-2ABCA77996DA}.NuGet|Any CPU.Build.0 = NuGet|Any CPU
		{735364D3-D5E7-4AE9-86CE-2ABCA77996DA}.Release|Any CPU.ActiveCfg = Release|Any CPU
		{735364D3-D5E7-4AE9-86CE-2ABCA77996DA}.Release|Any CPU.Build.0 = Release|Any CPU
		{5062CE0E-59A4-4A3F-9620-962ADD43046D}.Debug|Any CPU.ActiveCfg = Debug|Any CPU
		{5062CE0E-59A4-4A3F-9620-962ADD43046D}.Debug|Any CPU.Build.0 = Debug|Any CPU
		{5062CE0E-59A4-4A3F-9620-962ADD43046D}.NuGet|Any CPU.ActiveCfg = NuGet|Any CPU
		{5062CE0E-59A4-4A3F-9620-962ADD43046D}.NuGet|Any CPU.Build.0 = NuGet|Any CPU
		{5062CE0E-59A4-4A3F-9620-962ADD43046D}.Release|Any CPU.ActiveCfg = Release|Any CPU
		{5062CE0E-59A4-4A3F-9620-962ADD43046D}.Release|Any CPU.Build.0 = Release|Any CPU
	EndGlobalSection
	GlobalSection(SolutionProperties) = preSolution
		HideSolutionNode = FALSE
	EndGlobalSection
	GlobalSection(ExtensibilityGlobals) = postSolution
		SolutionGuid = {6869B0A7-3379-465E-93B2-AFC5F5EB2DB6}
	EndGlobalSection
EndGlobal
